
Microsoft Visual Studio Solution File, Format Version 12.00
# Visual Studio Version 17
VisualStudioVersion = 17.6.33815.320
MinimumVisualStudioVersion = 10.0.40219.1
Project("{FAE04EC0-301F-11D3-BF4B-00C04F79EFBC}") = "XsiO", "XsiO\XsiO.csproj", "{848F8814-866A-400B-94DF-2DA4E1202ED9}"
EndProject
Global
	GlobalSection(SolutionConfigurationPlatforms) = preSolution
		Debug|Any CPU = Debug|Any CPU
		Release|Any CPU = Release|Any CPU
	EndGlobalSection
	GlobalSection(ProjectConfigurationPlatforms) = postSolution
		{848F8814-866A-400B-94DF-2DA4E1202ED9}.Debug|Any CPU.ActiveCfg = Debug|Any CPU
		{848F8814-866A-400B-94DF-2DA4E1202ED9}.Debug|Any CPU.Build.0 = Debug|Any CPU
		{848F8814-866A-400B-94DF-2DA4E1202ED9}.Release|Any CPU.ActiveCfg = Release|Any CPU
		{848F8814-866A-400B-94DF-2DA4E1202ED9}.Release|Any CPU.Build.0 = Release|Any CPU
	EndGlobalSection
	GlobalSection(SolutionProperties) = preSolution
		HideSolutionNode = FALSE
	EndGlobalSection
	GlobalSection(ExtensibilityGlobals) = postSolution
		SolutionGuid = {406AC865-673E-424F-86E2-8E544EF4A6D0}
	EndGlobalSection
EndGlobal
